// !$*UTF8*$!
{
	archiveVersion = 1;
	classes = {
	};
	objectVersion = 55;
	objects = {

/* Begin PBXBuildFile section */
		1CB8AE372845DA2700885C64 /* WordLetter.swift in Sources */ = {isa = PBXBuildFile; fileRef = 1CB8AE362845DA2700885C64 /* WordLetter.swift */; };
		1CFA936F2845080B001B7DCA /* AppDelegate.swift in Sources */ = {isa = PBXBuildFile; fileRef = 1CFA936E2845080B001B7DCA /* AppDelegate.swift */; };
		1CFA93712845080B001B7DCA /* SceneDelegate.swift in Sources */ = {isa = PBXBuildFile; fileRef = 1CFA93702845080B001B7DCA /* SceneDelegate.swift */; };
		1CFA93732845080B001B7DCA /* ViewController.swift in Sources */ = {isa = PBXBuildFile; fileRef = 1CFA93722845080B001B7DCA /* ViewController.swift */; };
		1CFA93762845080B001B7DCA /* Main.storyboard in Resources */ = {isa = PBXBuildFile; fileRef = 1CFA93742845080B001B7DCA /* Main.storyboard */; };
		1CFA93782845080C001B7DCA /* Assets.xcassets in Resources */ = {isa = PBXBuildFile; fileRef = 1CFA93772845080C001B7DCA /* Assets.xcassets */; };
		1CFA937B2845080C001B7DCA /* LaunchScreen.storyboard in Resources */ = {isa = PBXBuildFile; fileRef = 1CFA93792845080C001B7DCA /* LaunchScreen.storyboard */; };
		1CFA938528451DBE001B7DCA /* LetterCell.swift in Sources */ = {isa = PBXBuildFile; fileRef = 1CFA938428451DBE001B7DCA /* LetterCell.swift */; };
		1CFA9387284523E2001B7DCA /* ModelLevel.swift in Sources */ = {isa = PBXBuildFile; fileRef = 1CFA9386284523E2001B7DCA /* ModelLevel.swift */; };
/* End PBXBuildFile section */

/* Begin PBXFileReference section */
		1CB8AE362845DA2700885C64 /* WordLetter.swift */ = {isa = PBXFileReference; lastKnownFileType = sourcecode.swift; path = WordLetter.swift; sourceTree = "<group>"; };
		1CFA936B2845080B001B7DCA /* 4pictures1words.app */ = {isa = PBXFileReference; explicitFileType = wrapper.application; includeInIndex = 0; path = 4pictures1words.app; sourceTree = BUILT_PRODUCTS_DIR; };
		1CFA936E2845080B001B7DCA /* AppDelegate.swift */ = {isa = PBXFileReference; lastKnownFileType = sourcecode.swift; path = AppDelegate.swift; sourceTree = "<group>"; };
		1CFA93702845080B001B7DCA /* SceneDelegate.swift */ = {isa = PBXFileReference; lastKnownFileType = sourcecode.swift; path = SceneDelegate.swift; sourceTree = "<group>"; };
		1CFA93722845080B001B7DCA /* ViewController.swift */ = {isa = PBXFileReference; lastKnownFileType = sourcecode.swift; path = ViewController.swift; sourceTree = "<group>"; };
		1CFA93752845080B001B7DCA /* Base */ = {isa = PBXFileReference; lastKnownFileType = file.storyboard; name = Base; path = Base.lproj/Main.storyboard; sourceTree = "<group>"; };
		1CFA93772845080C001B7DCA /* Assets.xcassets */ = {isa = PBXFileReference; lastKnownFileType = folder.assetcatalog; path = Assets.xcassets; sourceTree = "<group>"; };
		1CFA937A2845080C001B7DCA /* Base */ = {isa = PBXFileReference; lastKnownFileType = file.storyboard; name = Base; path = Base.lproj/LaunchScreen.storyboard; sourceTree = "<group>"; };
		1CFA937C2845080C001B7DCA /* Info.plist */ = {isa = PBXFileReference; lastKnownFileType = text.plist.xml; path = Info.plist; sourceTree = "<group>"; };
		1CFA938428451DBE001B7DCA /* LetterCell.swift */ = {isa = PBXFileReference; lastKnownFileType = sourcecode.swift; path = LetterCell.swift; sourceTree = "<group>"; };
		1CFA9386284523E2001B7DCA /* ModelLevel.swift */ = {isa = PBXFileReference; lastKnownFileType = sourcecode.swift; path = ModelLevel.swift; sourceTree = "<group>"; };
/* End PBXFileReference section */

/* Begin PBXFrameworksBuildPhase section */
		1CFA93682845080B001B7DCA /* Frameworks */ = {
			isa = PBXFrameworksBuildPhase;
			buildActionMask = 2147483647;
			files = (
			);
			runOnlyForDeploymentPostprocessing = 0;
		};
/* End PBXFrameworksBuildPhase section */

/* Begin PBXGroup section */
		1CFA93622845080B001B7DCA = {
			isa = PBXGroup;
			children = (
				1CFA936D2845080B001B7DCA /* 4pictures1words */,
				1CFA936C2845080B001B7DCA /* Products */,
			);
			sourceTree = "<group>";
		};
		1CFA936C2845080B001B7DCA /* Products */ = {
			isa = PBXGroup;
			children = (
				1CFA936B2845080B001B7DCA /* 4pictures1words.app */,
			);
			name = Products;
			sourceTree = "<group>";
		};
		1CFA936D2845080B001B7DCA /* 4pictures1words */ = {
			isa = PBXGroup;
			children = (
				1CFA936E2845080B001B7DCA /* AppDelegate.swift */,
				1CFA93702845080B001B7DCA /* SceneDelegate.swift */,
				1CFA93722845080B001B7DCA /* ViewController.swift */,
				1CFA938428451DBE001B7DCA /* LetterCell.swift */,
				1CFA9386284523E2001B7DCA /* ModelLevel.swift */,
				1CFA93742845080B001B7DCA /* Main.storyboard */,
				1CFA93772845080C001B7DCA /* Assets.xcassets */,
				1CFA93792845080C001B7DCA /* LaunchScreen.storyboard */,
				1CFA937C2845080C001B7DCA /* Info.plist */,
				1CB8AE362845DA2700885C64 /* WordLetter.swift */,
			);
			path = 4pictures1words;
			sourceTree = "<group>";
		};
/* End PBXGroup section */

/* Begin PBXNativeTarget section */
		1CFA936A2845080B001B7DCA /* 4pictures1words */ = {
			isa = PBXNativeTarget;
			buildConfigurationList = 1CFA937F2845080C001B7DCA /* Build configuration list for PBXNativeTarget "4pictures1words" */;
			buildPhases = (
				1CFA93672845080B001B7DCA /* Sources */,
				1CFA93682845080B001B7DCA /* Frameworks */,
				1CFA93692845080B001B7DCA /* Resources */,
			);
			buildRules = (
			);
			dependencies = (
			);
			name = 4pictures1words;
			productName = 4pictures1words;
			productReference = 1CFA936B2845080B001B7DCA /* 4pictures1words.app */;
			productType = "com.apple.product-type.application";
		};
/* End PBXNativeTarget section */

/* Begin PBXProject section */
		1CFA93632845080B001B7DCA /* Project object */ = {
			isa = PBXProject;
			attributes = {
				BuildIndependentTargetsInParallel = 1;
				LastSwiftUpdateCheck = 1340;
				LastUpgradeCheck = 1340;
				TargetAttributes = {
					1CFA936A2845080B001B7DCA = {
						CreatedOnToolsVersion = 13.4;
					};
				};
			};
			buildConfigurationList = 1CFA93662845080B001B7DCA /* Build configuration list for PBXProject "4pictures1words" */;
			compatibilityVersion = "Xcode 13.0";
			developmentRegion = en;
			hasScannedForEncodings = 0;
			knownRegions = (
				en,
				Base,
			);
			mainGroup = 1CFA93622845080B001B7DCA;
			productRefGroup = 1CFA936C2845080B001B7DCA /* Products */;
			projectDirPath = "";
			projectRoot = "";
			targets = (
				1CFA936A2845080B001B7DCA /* 4pictures1words */,
			);
		};
/* End PBXProject section */

/* Begin PBXResourcesBuildPhase section */
		1CFA93692845080B001B7DCA /* Resources */ = {
			isa = PBXResourcesBuildPhase;
			buildActionMask = 2147483647;
			files = (
				1CFA937B2845080C001B7DCA /* LaunchScreen.storyboard in Resources */,
				1CFA93782845080C001B7DCA /* Assets.xcassets in Resources */,
				1CFA93762845080B001B7DCA /* Main.storyboard in Resources */,
			);
			runOnlyForDeploymentPostprocessing = 0;
		};
/* End PBXResourcesBuildPhase section */

/* Begin PBXSourcesBuildPhase section */
		1CFA93672845080B001B7DCA /* Sources */ = {
			isa = PBXSourcesBuildPhase;
			buildActionMask = 2147483647;
			files = (
				1CFA93732845080B001B7DCA /* ViewController.swift in Sources */,
				1CFA936F2845080B001B7DCA /* AppDelegate.swift in Sources */,
				1CFA93712845080B001B7DCA /* SceneDelegate.swift in Sources */,
				1CB8AE372845DA2700885C64 /* WordLetter.swift in Sources */,
				1CFA938528451DBE001B7DCA /* LetterCell.swift in Sources */,
				1CFA9387284523E2001B7DCA /* ModelLevel.swift in Sources */,
			);
			runOnlyForDeploymentPostprocessing = 0;
		};
/* End PBXSourcesBuildPhase section */

/* Begin PBXVariantGroup section */
		1CFA93742845080B001B7DCA /* Main.storyboard */ = {
			isa = PBXVariantGroup;
			children = (
				1CFA93752845080B001B7DCA /* Base */,
			);
			name = Main.storyboard;
			sourceTree = "<group>";
		};
		1CFA93792845080C001B7DCA /* LaunchScreen.storyboard */ = {
			isa = PBXVariantGroup;
			children = (
				1CFA937A2845080C001B7DCA /* Base */,
			);
			name = LaunchScreen.storyboard;
			sourceTree = "<group>";
		};
/* End PBXVariantGroup section */

/* Begin XCBuildConfiguration section */
		1CFA937D2845080C001B7DCA /* Debug */ = {
			isa = XCBuildConfiguration;
			buildSettings = {
				ALWAYS_SEARCH_USER_PATHS = NO;
				CLANG_ANALYZER_NONNULL = YES;
				CLANG_ANALYZER_NUMBER_OBJECT_CONVERSION = YES_AGGRESSIVE;
				CLANG_CXX_LANGUAGE_STANDARD = "gnu++17";
				CLANG_ENABLE_MODULES = YES;
				CLANG_ENABLE_OBJC_ARC = YES;
				CLANG_ENABLE_OBJC_WEAK = YES;
				CLANG_WARN_BLOCK_CAPTURE_AUTORELEASING = YES;
				CLANG_WARN_BOOL_CONVERSION = YES;
				CLANG_WARN_COMMA = YES;
				CLANG_WARN_CONSTANT_CONVERSION = YES;
				CLANG_WARN_DEPRECATED_OBJC_IMPLEMENTATIONS = YES;
				CLANG_WARN_DIRECT_OBJC_ISA_USAGE = YES_ERROR;
				CLANG_WARN_DOCUMENTATION_COMMENTS = YES;
				CLANG_WARN_EMPTY_BODY = YES;
				CLANG_WARN_ENUM_CONVERSION = YES;
				CLANG_WARN_INFINITE_RECURSION = YES;
				CLANG_WARN_INT_CONVERSION = YES;
				CLANG_WARN_NON_LITERAL_NULL_CONVERSION = YES;
				CLANG_WARN_OBJC_IMPLICIT_RETAIN_SELF = YES;
				CLANG_WARN_OBJC_LITERAL_CONVERSION = YES;
				CLANG_WARN_OBJC_ROOT_CLASS = YES_ERROR;
				CLANG_WARN_QUOTED_INCLUDE_IN_FRAMEWORK_HEADER = YES;
				CLANG_WARN_RANGE_LOOP_ANALYSIS = YES;
				CLANG_WARN_STRICT_PROTOTYPES = YES;
				CLANG_WARN_SUSPICIOUS_MOVE = YES;
				CLANG_WARN_UNGUARDED_AVAILABILITY = YES_AGGRESSIVE;
				CLANG_WARN_UNREACHABLE_CODE = YES;
				CLANG_WARN__DUPLICATE_METHOD_MATCH = YES;
				COPY_PHASE_STRIP = NO;
				DEBUG_INFORMATION_FORMAT = dwarf;
				ENABLE_STRICT_OBJC_MSGSEND = YES;
				ENABLE_TESTABILITY = YES;
				GCC_C_LANGUAGE_STANDARD = gnu11;
				GCC_DYNAMIC_NO_PIC = NO;
				GCC_NO_COMMON_BLOCKS = YES;
				GCC_OPTIMIZATION_LEVEL = 0;
				GCC_PREPROCESSOR_DEFINITIONS = (
					"DEBUG=1",
					"$(inherited)",
				);
				GCC_WARN_64_TO_32_BIT_CONVERSION = YES;
				GCC_WARN_ABOUT_RETURN_TYPE = YES_ERROR;
				GCC_WARN_UNDECLARED_SELECTOR = YES;
				GCC_WARN_UNINITIALIZED_AUTOS = YES_AGGRESSIVE;
				GCC_WARN_UNUSED_FUNCTION = YES;
				GCC_WARN_UNUSED_VARIABLE = YES;
				IPHONEOS_DEPLOYMENT_TARGET = 15.5;
				MTL_ENABLE_DEBUG_INFO = INCLUDE_SOURCE;
				MTL_FAST_MATH = YES;
				ONLY_ACTIVE_ARCH = YES;
				SDKROOT = iphoneos;
				SWIFT_ACTIVE_COMPILATION_CONDITIONS = DEBUG;
				SWIFT_OPTIMIZATION_LEVEL = "-Onone";
			};
			name = Debug;
		};
		1CFA937E2845080C001B7DCA /* Release */ = {
			isa = XCBuildConfiguration;
			buildSettings = {
				ALWAYS_SEARCH_USER_PATHS = NO;
				CLANG_ANALYZER_NONNULL = YES;
				CLANG_ANALYZER_NUMBER_OBJECT_CONVERSION = YES_AGGRESSIVE;
				CLANG_CXX_LANGUAGE_STANDARD = "gnu++17";
				CLANG_ENABLE_MODULES = YES;
				CLANG_ENABLE_OBJC_ARC = YES;
				CLANG_ENABLE_OBJC_WEAK = YES;
				CLANG_WARN_BLOCK_CAPTURE_AUTORELEASING = YES;
				CLANG_WARN_BOOL_CONVERSION = YES;
				CLANG_WARN_COMMA = YES;
				CLANG_WARN_CONSTANT_CONVERSION = YES;
				CLANG_WARN_DEPRECATED_OBJC_IMPLEMENTATIONS = YES;
				CLANG_WARN_DIRECT_OBJC_ISA_USAGE = YES_ERROR;
				CLANG_WARN_DOCUMENTATION_COMMENTS = YES;
				CLANG_WARN_EMPTY_BODY = YES;
				CLANG_WARN_ENUM_CONVERSION = YES;
				CLANG_WARN_INFINITE_RECURSION = YES;
				CLANG_WARN_INT_CONVERSION = YES;
				CLANG_WARN_NON_LITERAL_NULL_CONVERSION = YES;
				CLANG_WARN_OBJC_IMPLICIT_RETAIN_SELF = YES;
				CLANG_WARN_OBJC_LITERAL_CONVERSION = YES;
				CLANG_WARN_OBJC_ROOT_CLASS = YES_ERROR;
				CLANG_WARN_QUOTED_INCLUDE_IN_FRAMEWORK_HEADER = YES;
				CLANG_WARN_RANGE_LOOP_ANALYSIS = YES;
				CLANG_WARN_STRICT_PROTOTYPES = YES;
				CLANG_WARN_SUSPICIOUS_MOVE = YES;
				CLANG_WARN_UNGUARDED_AVAILABILITY = YES_AGGRESSIVE;
				CLANG_WARN_UNREACHABLE_CODE = YES;
				CLANG_WARN__DUPLICATE_METHOD_MATCH = YES;
				COPY_PHASE_STRIP = NO;
				DEBUG_INFORMATION_FORMAT = "dwarf-with-dsym";
				ENABLE_NS_ASSERTIONS = NO;
				ENABLE_STRICT_OBJC_MSGSEND = YES;
				GCC_C_LANGUAGE_STANDARD = gnu11;
				GCC_NO_COMMON_BLOCKS = YES;
				GCC_WARN_64_TO_32_BIT_CONVERSION = YES;
				GCC_WARN_ABOUT_RETURN_TYPE = YES_ERROR;
				GCC_WARN_UNDECLARED_SELECTOR = YES;
				GCC_WARN_UNINITIALIZED_AUTOS = YES_AGGRESSIVE;
				GCC_WARN_UNUSED_FUNCTION = YES;
				GCC_WARN_UNUSED_VARIABLE = YES;
				IPHONEOS_DEPLOYMENT_TARGET = 15.5;
				MTL_ENABLE_DEBUG_INFO = NO;
				MTL_FAST_MATH = YES;
				SDKROOT = iphoneos;
				SWIFT_COMPILATION_MODE = wholemodule;
				SWIFT_OPTIMIZATION_LEVEL = "-O";
				VALIDATE_PRODUCT = YES;
			};
			name = Release;
		};
		1CFA93802845080C001B7DCA /* Debug */ = {
			isa = XCBuildConfiguration;
			buildSettings = {
				ASSETCATALOG_COMPILER_APPICON_NAME = AppIcon;
				ASSETCATALOG_COMPILER_GLOBAL_ACCENT_COLOR_NAME = AccentColor;
				CODE_SIGN_STYLE = Automatic;
				CURRENT_PROJECT_VERSION = 1;
				DEVELOPMENT_TEAM = W9K6KM23SM;
				GENERATE_INFOPLIST_FILE = YES;
				INFOPLIST_FILE = 4pictures1words/Info.plist;
				INFOPLIST_KEY_UIApplicationSupportsIndirectInputEvents = YES;
				INFOPLIST_KEY_UILaunchStoryboardName = LaunchScreen;
				INFOPLIST_KEY_UIMainStoryboardFile = Main;
				INFOPLIST_KEY_UISupportedInterfaceOrientations_iPad = "UIInterfaceOrientationPortrait UIInterfaceOrientationPortraitUpsideDown UIInterfaceOrientationLandscapeLeft UIInterfaceOrientationLandscapeRight";
				INFOPLIST_KEY_UISupportedInterfaceOrientations_iPhone = "UIInterfaceOrientationPortrait UIInterfaceOrientationLandscapeLeft UIInterfaceOrientationLandscapeRight";
				LD_RUNPATH_SEARCH_PATHS = (
					"$(inherited)",
					"@executable_path/Frameworks",
				);
				MARKETING_VERSION = 1.0;
				PRODUCT_BUNDLE_IDENTIFIER = "co.appbrewery.-pictures1words";
				PRODUCT_NAME = "$(TARGET_NAME)";
				SWIFT_EMIT_LOC_STRINGS = YES;
				SWIFT_VERSION = 5.0;
				TARGETED_DEVICE_FAMILY = "1,2";
			};
			name = Debug;
		};
		1CFA93812845080C001B7DCA /* Release */ = {
			isa = XCBuildConfiguration;
			buildSettings = {
				ASSETCATALOG_COMPILER_APPICON_NAME = AppIcon;
				ASSETCATALOG_COMPILER_GLOBAL_ACCENT_COLOR_NAME = AccentColor;
				CODE_SIGN_STYLE = Automatic;
				CURRENT_PROJECT_VERSION = 1;
				DEVELOPMENT_TEAM = W9K6KM23SM;
				GENERATE_INFOPLIST_FILE = YES;
				INFOPLIST_FILE = 4pictures1words/Info.plist;
				INFOPLIST_KEY_UIApplicationSupportsIndirectInputEvents = YES;
				INFOPLIST_KEY_UILaunchStoryboardName = LaunchScreen;
				INFOPLIST_KEY_UIMainStoryboardFile = Main;
				INFOPLIST_KEY_UISupportedInterfaceOrientations_iPad = "UIInterfaceOrientationPortrait UIInterfaceOrientationPortraitUpsideDown UIInterfaceOrientationLandscapeLeft UIInterfaceOrientationLandscapeRight";
				INFOPLIST_KEY_UISupportedInterfaceOrientations_iPhone = "UIInterfaceOrientationPortrait UIInterfaceOrientationLandscapeLeft UIInterfaceOrientationLandscapeRight";
				LD_RUNPATH_SEARCH_PATHS = (
					"$(inherited)",
					"@executable_path/Frameworks",
				);
				MARKETING_VERSION = 1.0;
				PRODUCT_BUNDLE_IDENTIFIER = "co.appbrewery.-pictures1words";
				PRODUCT_NAME = "$(TARGET_NAME)";
				SWIFT_EMIT_LOC_STRINGS = YES;
				SWIFT_VERSION = 5.0;
				TARGETED_DEVICE_FAMILY = "1,2";
			};
			name = Release;
		};
/* End XCBuildConfiguration section */

/* Begin XCConfigurationList section */
		1CFA93662845080B001B7DCA /* Build configuration list for PBXProject "4pictures1words" */ = {
			isa = XCConfigurationList;
			buildConfigurations = (
				1CFA937D2845080C001B7DCA /* Debug */,
				1CFA937E2845080C001B7DCA /* Release */,
			);
			defaultConfigurationIsVisible = 0;
			defaultConfigurationName = Release;
		};
		1CFA937F2845080C001B7DCA /* Build configuration list for PBXNativeTarget "4pictures1words" */ = {
			isa = XCConfigurationList;
			buildConfigurations = (
				1CFA93802845080C001B7DCA /* Debug */,
				1CFA93812845080C001B7DCA /* Release */,
			);
			defaultConfigurationIsVisible = 0;
			defaultConfigurationName = Release;
		};
/* End XCConfigurationList section */
	};
	rootObject = 1CFA93632845080B001B7DCA /* Project object */;
}
